
Microsoft Visual Studio Solution File, Format Version 12.00
Project("{FAE04EC0-301F-11D3-BF4B-00C04F79EFBC}") = "aoc1", "aoc1\aoc1.csproj", "{5D04FB22-E5F7-42AA-8965-3B9333D0EA2C}"
EndProject
Project("{FAE04EC0-301F-11D3-BF4B-00C04F79EFBC}") = "aoc2", "aoc2\aoc2.csproj", "{9ACD0DB1-27A2-4181-A12D-E2DB82FAE85E}"
EndProject
Project("{FAE04EC0-301F-11D3-BF4B-00C04F79EFBC}") = "aoc3", "aoc3\aoc3.csproj", "{34204CB0-AB20-475A-8292-DF7886009741}"
EndProject
Project("{FAE04EC0-301F-11D3-BF4B-00C04F79EFBC}") = "aoc4", "aoc4\aoc4.csproj", "{B9FDBD12-1560-4309-BEF7-8881FA221072}"
EndProject
Project("{FAE04EC0-301F-11D3-BF4B-00C04F79EFBC}") = "aoc5", "aoc5\aoc5.csproj", "{BE27AF5B-2D88-4456-ADCB-0E2F88147AF3}"
EndProject
Project("{FAE04EC0-301F-11D3-BF4B-00C04F79EFBC}") = "aoc6", "aoc6\aoc6.csproj", "{C8447E16-A1A3-43EE-A787-4309BD149734}"
EndProject
Project("{FAE04EC0-301F-11D3-BF4B-00C04F79EFBC}") = "aoc7", "aoc7\aoc7.csproj", "{9D2874A1-B23A-4F7A-B412-94E92D779B13}"
EndProject
Global
	GlobalSection(SolutionConfigurationPlatforms) = preSolution
		Debug|Any CPU = Debug|Any CPU
		Release|Any CPU = Release|Any CPU
	EndGlobalSection
	GlobalSection(ProjectConfigurationPlatforms) = postSolution
		{5D04FB22-E5F7-42AA-8965-3B9333D0EA2C}.Debug|Any CPU.ActiveCfg = Debug|Any CPU
		{5D04FB22-E5F7-42AA-8965-3B9333D0EA2C}.Debug|Any CPU.Build.0 = Debug|Any CPU
		{5D04FB22-E5F7-42AA-8965-3B9333D0EA2C}.Release|Any CPU.ActiveCfg = Release|Any CPU
		{5D04FB22-E5F7-42AA-8965-3B9333D0EA2C}.Release|Any CPU.Build.0 = Release|Any CPU
		{9ACD0DB1-27A2-4181-A12D-E2DB82FAE85E}.Debug|Any CPU.ActiveCfg = Debug|Any CPU
		{9ACD0DB1-27A2-4181-A12D-E2DB82FAE85E}.Debug|Any CPU.Build.0 = Debug|Any CPU
		{9ACD0DB1-27A2-4181-A12D-E2DB82FAE85E}.Release|Any CPU.ActiveCfg = Release|Any CPU
		{9ACD0DB1-27A2-4181-A12D-E2DB82FAE85E}.Release|Any CPU.Build.0 = Release|Any CPU
		{34204CB0-AB20-475A-8292-DF7886009741}.Debug|Any CPU.ActiveCfg = Debug|Any CPU
		{34204CB0-AB20-475A-8292-DF7886009741}.Debug|Any CPU.Build.0 = Debug|Any CPU
		{34204CB0-AB20-475A-8292-DF7886009741}.Release|Any CPU.ActiveCfg = Release|Any CPU
		{34204CB0-AB20-475A-8292-DF7886009741}.Release|Any CPU.Build.0 = Release|Any CPU
		{B9FDBD12-1560-4309-BEF7-8881FA221072}.Debug|Any CPU.ActiveCfg = Debug|Any CPU
		{B9FDBD12-1560-4309-BEF7-8881FA221072}.Debug|Any CPU.Build.0 = Debug|Any CPU
		{B9FDBD12-1560-4309-BEF7-8881FA221072}.Release|Any CPU.ActiveCfg = Release|Any CPU
		{B9FDBD12-1560-4309-BEF7-8881FA221072}.Release|Any CPU.Build.0 = Release|Any CPU
		{BE27AF5B-2D88-4456-ADCB-0E2F88147AF3}.Debug|Any CPU.ActiveCfg = Debug|Any CPU
		{BE27AF5B-2D88-4456-ADCB-0E2F88147AF3}.Debug|Any CPU.Build.0 = Debug|Any CPU
		{BE27AF5B-2D88-4456-ADCB-0E2F88147AF3}.Release|Any CPU.ActiveCfg = Release|Any CPU
		{BE27AF5B-2D88-4456-ADCB-0E2F88147AF3}.Release|Any CPU.Build.0 = Release|Any CPU
		{C8447E16-A1A3-43EE-A787-4309BD149734}.Debug|Any CPU.ActiveCfg = Debug|Any CPU
		{C8447E16-A1A3-43EE-A787-4309BD149734}.Debug|Any CPU.Build.0 = Debug|Any CPU
		{C8447E16-A1A3-43EE-A787-4309BD149734}.Release|Any CPU.ActiveCfg = Release|Any CPU
		{C8447E16-A1A3-43EE-A787-4309BD149734}.Release|Any CPU.Build.0 = Release|Any CPU
		{9D2874A1-B23A-4F7A-B412-94E92D779B13}.Debug|Any CPU.ActiveCfg = Debug|Any CPU
		{9D2874A1-B23A-4F7A-B412-94E92D779B13}.Debug|Any CPU.Build.0 = Debug|Any CPU
		{9D2874A1-B23A-4F7A-B412-94E92D779B13}.Release|Any CPU.ActiveCfg = Release|Any CPU
		{9D2874A1-B23A-4F7A-B412-94E92D779B13}.Release|Any CPU.Build.0 = Release|Any CPU
	EndGlobalSection
EndGlobal
